
Microsoft Visual Studio Solution File, Format Version 12.00
# Visual Studio Version 17
VisualStudioVersion = 17.8.34316.72
MinimumVisualStudioVersion = 10.0.40219.1
Project("{FAE04EC0-301F-11D3-BF4B-00C04F79EFBC}") = "ClothingStoreAgain", "ClothingStoreAgain\ClothingStoreAgain.csproj", "{C17A5275-7E6C-41F3-91E0-5A77D7C5654B}"
EndProject
Project("{FAE04EC0-301F-11D3-BF4B-00C04F79EFBC}") = "ClothingStore.Core", "ClothingStore.Core\ClothingStore.Core.csproj", "{EBB94C43-CF9B-4072-9C39-138D47556F76}"
EndProject
Project("{FAE04EC0-301F-11D3-BF4B-00C04F79EFBC}") = "ClothingStore.Infrastructure", "ClothingStore.Infrastructure\ClothingStore.Infrastructure.csproj", "{3419B6B5-412D-458F-81F7-DDC02B5A4195}"
EndProject
Global
	GlobalSection(SolutionConfigurationPlatforms) = preSolution
		Debug|Any CPU = Debug|Any CPU
		Release|Any CPU = Release|Any CPU
	EndGlobalSection
	GlobalSection(ProjectConfigurationPlatforms) = postSolution
		{C17A5275-7E6C-41F3-91E0-5A77D7C5654B}.Debug|Any CPU.ActiveCfg = Debug|Any CPU
		{C17A5275-7E6C-41F3-91E0-5A77D7C5654B}.Debug|Any CPU.Build.0 = Debug|Any CPU
		{C17A5275-7E6C-41F3-91E0-5A77D7C5654B}.Release|Any CPU.ActiveCfg = Release|Any CPU
		{C17A5275-7E6C-41F3-91E0-5A77D7C5654B}.Release|Any CPU.Build.0 = Release|Any CPU
		{EBB94C43-CF9B-4072-9C39-138D47556F76}.Debug|Any CPU.ActiveCfg = Debug|Any CPU
		{EBB94C43-CF9B-4072-9C39-138D47556F76}.Debug|Any CPU.Build.0 = Debug|Any CPU
		{EBB94C43-CF9B-4072-9C39-138D47556F76}.Release|Any CPU.ActiveCfg = Release|Any CPU
		{EBB94C43-CF9B-4072-9C39-138D47556F76}.Release|Any CPU.Build.0 = Release|Any CPU
		{3419B6B5-412D-458F-81F7-DDC02B5A4195}.Debug|Any CPU.ActiveCfg = Debug|Any CPU
		{3419B6B5-412D-458F-81F7-DDC02B5A4195}.Debug|Any CPU.Build.0 = Debug|Any CPU
		{3419B6B5-412D-458F-81F7-DDC02B5A4195}.Release|Any CPU.ActiveCfg = Release|Any CPU
		{3419B6B5-412D-458F-81F7-DDC02B5A4195}.Release|Any CPU.Build.0 = Release|Any CPU
	EndGlobalSection
	GlobalSection(SolutionProperties) = preSolution
		HideSolutionNode = FALSE
	EndGlobalSection
	GlobalSection(ExtensibilityGlobals) = postSolution
		SolutionGuid = {7889D352-52EA-4DD7-A313-C7FE934AD199}
	EndGlobalSection
EndGlobal
